
Microsoft Visual Studio Solution File, Format Version 12.00
# Visual Studio Version 16
VisualStudioVersion = 16.0.29609.76
MinimumVisualStudioVersion = 10.0.40219.1
Project("{9A19103F-16F7-4668-BE54-9A1E7A4F7556}") = "TryWebP1", "TryWebP1\TryWebP1.csproj", "{411CC8F1-FA73-4C7F-A842-AF0B33DE0FD5}"
EndProject
Project("{FAE04EC0-301F-11D3-BF4B-00C04F79EFBC}") = "NetFramework", "NetFramework\NetFramework.csproj", "{21F711FA-FB0E-4219-9011-D19DFE7B2A1D}"
EndProject
Global
	GlobalSection(SolutionConfigurationPlatforms) = preSolution
		Debug|Any CPU = Debug|Any CPU
		Release|Any CPU = Release|Any CPU
	EndGlobalSection
	GlobalSection(ProjectConfigurationPlatforms) = postSolution
		{411CC8F1-FA73-4C7F-A842-AF0B33DE0FD5}.Debug|Any CPU.ActiveCfg = Debug|Any CPU
		{411CC8F1-FA73-4C7F-A842-AF0B33DE0FD5}.Debug|Any CPU.Build.0 = Debug|Any CPU
		{411CC8F1-FA73-4C7F-A842-AF0B33DE0FD5}.Release|Any CPU.ActiveCfg = Release|Any CPU
		{411CC8F1-FA73-4C7F-A842-AF0B33DE0FD5}.Release|Any CPU.Build.0 = Release|Any CPU
		{21F711FA-FB0E-4219-9011-D19DFE7B2A1D}.Debug|Any CPU.ActiveCfg = Debug|Any CPU
		{21F711FA-FB0E-4219-9011-D19DFE7B2A1D}.Debug|Any CPU.Build.0 = Debug|Any CPU
		{21F711FA-FB0E-4219-9011-D19DFE7B2A1D}.Release|Any CPU.ActiveCfg = Release|Any CPU
		{21F711FA-FB0E-4219-9011-D19DFE7B2A1D}.Release|Any CPU.Build.0 = Release|Any CPU
	EndGlobalSection
	GlobalSection(SolutionProperties) = preSolution
		HideSolutionNode = FALSE
	EndGlobalSection
	GlobalSection(ExtensibilityGlobals) = postSolution
		SolutionGuid = {720E4749-2AFD-4A54-AA2C-FB84166E1733}
	EndGlobalSection
EndGlobal
